
Microsoft Visual Studio Solution File, Format Version 12.00
# Visual Studio Version 17
VisualStudioVersion = 17.5.33424.131
MinimumVisualStudioVersion = 10.0.40219.1
Project("{9A19103F-16F7-4668-BE54-9A1E7A4F7556}") = "obdelnik", "ConsoleApp1\obdelnik.csproj", "{DC38CBF9-7F9D-431D-A890-BF9AF9C2E260}"
EndProject
Global
	GlobalSection(SolutionConfigurationPlatforms) = preSolution
		Debug|Any CPU = Debug|Any CPU
		Release|Any CPU = Release|Any CPU
	EndGlobalSection
	GlobalSection(ProjectConfigurationPlatforms) = postSolution
		{DC38CBF9-7F9D-431D-A890-BF9AF9C2E260}.Debug|Any CPU.ActiveCfg = Debug|Any CPU
		{DC38CBF9-7F9D-431D-A890-BF9AF9C2E260}.Debug|Any CPU.Build.0 = Debug|Any CPU
		{DC38CBF9-7F9D-431D-A890-BF9AF9C2E260}.Release|Any CPU.ActiveCfg = Release|Any CPU
		{DC38CBF9-7F9D-431D-A890-BF9AF9C2E260}.Release|Any CPU.Build.0 = Release|Any CPU
	EndGlobalSection
	GlobalSection(SolutionProperties) = preSolution
		HideSolutionNode = FALSE
	EndGlobalSection
	GlobalSection(ExtensibilityGlobals) = postSolution
		SolutionGuid = {8FC09B7D-6C2C-4034-9572-3FB06BF41014}
	EndGlobalSection
EndGlobal
